
Microsoft Visual Studio Solution File, Format Version 12.00
# Visual Studio Version 16
VisualStudioVersion = 16.0.29709.97
MinimumVisualStudioVersion = 10.0.40219.1
Project("{FAE04EC0-301F-11D3-BF4B-00C04F79EFBC}") = "MALWPF", "MALWPF.csproj", "{F2BD9029-7A34-4552-85B8-94C82FA0F4FA}"
EndProject
Project("{FAE04EC0-301F-11D3-BF4B-00C04F79EFBC}") = "MyInternetConnectionLibrary", "..\MyInternetConnectionLibrary\MyInternetConnectionLibrary.csproj", "{12138E24-710D-4F3B-86B4-69C3A8201468}"
EndProject
Global
	GlobalSection(SolutionConfigurationPlatforms) = preSolution
		Debug|Any CPU = Debug|Any CPU
		Release|Any CPU = Release|Any CPU
	EndGlobalSection
	GlobalSection(ProjectConfigurationPlatforms) = postSolution
		{F2BD9029-7A34-4552-85B8-94C82FA0F4FA}.Debug|Any CPU.ActiveCfg = Debug|Any CPU
		{F2BD9029-7A34-4552-85B8-94C82FA0F4FA}.Debug|Any CPU.Build.0 = Debug|Any CPU
		{F2BD9029-7A34-4552-85B8-94C82FA0F4FA}.Release|Any CPU.ActiveCfg = Release|Any CPU
		{F2BD9029-7A34-4552-85B8-94C82FA0F4FA}.Release|Any CPU.Build.0 = Release|Any CPU
		{12138E24-710D-4F3B-86B4-69C3A8201468}.Debug|Any CPU.ActiveCfg = Debug|Any CPU
		{12138E24-710D-4F3B-86B4-69C3A8201468}.Debug|Any CPU.Build.0 = Debug|Any CPU
		{12138E24-710D-4F3B-86B4-69C3A8201468}.Release|Any CPU.ActiveCfg = Release|Any CPU
		{12138E24-710D-4F3B-86B4-69C3A8201468}.Release|Any CPU.Build.0 = Release|Any CPU
	EndGlobalSection
	GlobalSection(SolutionProperties) = preSolution
		HideSolutionNode = FALSE
	EndGlobalSection
	GlobalSection(ExtensibilityGlobals) = postSolution
		SolutionGuid = {0099CA38-3975-4381-9A05-2F69F64965F4}
	EndGlobalSection
EndGlobal
