
Microsoft Visual Studio Solution File, Format Version 12.00
# Visual Studio Version 16
VisualStudioVersion = 16.0.29709.97
MinimumVisualStudioVersion = 10.0.40219.1
Project("{9A19103F-16F7-4668-BE54-9A1E7A4F7556}") = "MyInternetConnectionLibrary", "MyInternetConnectionLibrary\MyInternetConnectionLibrary.csproj", "{FC9A5FFA-40E8-4EE2-8739-A0A44A5AC0C9}"
EndProject
Project("{FAE04EC0-301F-11D3-BF4B-00C04F79EFBC}") = "Miru", "Miru\Miru.csproj", "{F2BD9029-7A34-4552-85B8-94C82FA0F4FA}"
EndProject
Global
	GlobalSection(SolutionConfigurationPlatforms) = preSolution
		Debug|Any CPU = Debug|Any CPU
		Debug|x64 = Debug|x64
		Release|Any CPU = Release|Any CPU
		Release|x64 = Release|x64
	EndGlobalSection
	GlobalSection(ProjectConfigurationPlatforms) = postSolution
		{FC9A5FFA-40E8-4EE2-8739-A0A44A5AC0C9}.Debug|Any CPU.ActiveCfg = Debug|Any CPU
		{FC9A5FFA-40E8-4EE2-8739-A0A44A5AC0C9}.Debug|Any CPU.Build.0 = Debug|Any CPU
		{FC9A5FFA-40E8-4EE2-8739-A0A44A5AC0C9}.Debug|x64.ActiveCfg = Debug|x64
		{FC9A5FFA-40E8-4EE2-8739-A0A44A5AC0C9}.Debug|x64.Build.0 = Debug|x64
		{FC9A5FFA-40E8-4EE2-8739-A0A44A5AC0C9}.Release|Any CPU.ActiveCfg = Release|Any CPU
		{FC9A5FFA-40E8-4EE2-8739-A0A44A5AC0C9}.Release|Any CPU.Build.0 = Release|Any CPU
		{FC9A5FFA-40E8-4EE2-8739-A0A44A5AC0C9}.Release|x64.ActiveCfg = Release|x64
		{FC9A5FFA-40E8-4EE2-8739-A0A44A5AC0C9}.Release|x64.Build.0 = Release|x64
		{F2BD9029-7A34-4552-85B8-94C82FA0F4FA}.Debug|Any CPU.ActiveCfg = Debug|Any CPU
		{F2BD9029-7A34-4552-85B8-94C82FA0F4FA}.Debug|Any CPU.Build.0 = Debug|Any CPU
		{F2BD9029-7A34-4552-85B8-94C82FA0F4FA}.Debug|x64.ActiveCfg = Debug|x64
		{F2BD9029-7A34-4552-85B8-94C82FA0F4FA}.Debug|x64.Build.0 = Debug|x64
		{F2BD9029-7A34-4552-85B8-94C82FA0F4FA}.Release|Any CPU.ActiveCfg = Release|Any CPU
		{F2BD9029-7A34-4552-85B8-94C82FA0F4FA}.Release|Any CPU.Build.0 = Release|Any CPU
		{F2BD9029-7A34-4552-85B8-94C82FA0F4FA}.Release|x64.ActiveCfg = Release|x64
		{F2BD9029-7A34-4552-85B8-94C82FA0F4FA}.Release|x64.Build.0 = Release|x64
	EndGlobalSection
	GlobalSection(SolutionProperties) = preSolution
		HideSolutionNode = FALSE
	EndGlobalSection
	GlobalSection(ExtensibilityGlobals) = postSolution
		SolutionGuid = {0099CA38-3975-4381-9A05-2F69F64965F4}
	EndGlobalSection
EndGlobal
